
Microsoft Visual Studio Solution File, Format Version 12.00
# Visual Studio Version 17
VisualStudioVersion = 17.14.36301.6 d17.14
MinimumVisualStudioVersion = 10.0.40219.1
Project("{FAE04EC0-301F-11D3-BF4B-00C04F79EFBC}") = "EstudoDeTeste", "EstudoDeTeste\EstudoDeTeste.csproj", "{AD0145E3-D194-4508-984D-A77D9CF76199}"
EndProject
Global
	GlobalSection(SolutionConfigurationPlatforms) = preSolution
		Debug|Any CPU = Debug|Any CPU
		Release|Any CPU = Release|Any CPU
	EndGlobalSection
	GlobalSection(ProjectConfigurationPlatforms) = postSolution
		{AD0145E3-D194-4508-984D-A77D9CF76199}.Debug|Any CPU.ActiveCfg = Debug|Any CPU
		{AD0145E3-D194-4508-984D-A77D9CF76199}.Debug|Any CPU.Build.0 = Debug|Any CPU
		{AD0145E3-D194-4508-984D-A77D9CF76199}.Release|Any CPU.ActiveCfg = Release|Any CPU
		{AD0145E3-D194-4508-984D-A77D9CF76199}.Release|Any CPU.Build.0 = Release|Any CPU
	EndGlobalSection
	GlobalSection(SolutionProperties) = preSolution
		HideSolutionNode = FALSE
	EndGlobalSection
	GlobalSection(ExtensibilityGlobals) = postSolution
		SolutionGuid = {B33EB081-A567-4890-A148-CEBC940301FF}
	EndGlobalSection
EndGlobal
